# THIS IS AN AUTOGENERATED FILE. DO NOT EDIT THIS FILE DIRECTLY.
# yarn lockfile v1


"@popperjs/core@^2.10.2":
  "integrity" "sha512-zrsUxjLOKAzdewIDRWy9nsV1GQsKBCWaGwsZQlCgr6/q+vjyZhFgqedLfFBuI9anTPEUT4APq9Mu0SZBTzIcGQ=="
  "resolved" "https://registry.npmjs.org/@popperjs/core/-/core-2.11.0.tgz"
  "version" "2.11.0"

"@tensorflow/tfjs-backend-cpu@3.12.0":
  "integrity" "sha512-UMf/OHHCzm/+oKXtTDnanlyYFNNKKU5u2hJooKak1JqSOEKChBOPYKmxf9VWmY7Pos4GbbKH/V1pLzfLnLq+Bg=="
  "resolved" "https://registry.npmjs.org/@tensorflow/tfjs-backend-cpu/-/tfjs-backend-cpu-3.12.0.tgz"
  "version" "3.12.0"
  dependencies:
    "@types/seedrandom" "2.4.27"
    "seedrandom" "2.4.3"

"@tensorflow/tfjs-backend-webgl@3.12.0":
  "integrity" "sha512-nFiPS7AiDZ+H4RXpx8dSYPWzy3B1zC/aRKwH9uz9MUp1WiHHbYr90+E0ut9HFrIz0cMb0sR7vGU+zkjSZ1rLsA=="
  "resolved" "https://registry.npmjs.org/@tensorflow/tfjs-backend-webgl/-/tfjs-backend-webgl-3.12.0.tgz"
  "version" "3.12.0"
  dependencies:
    "@tensorflow/tfjs-backend-cpu" "3.12.0"
    "@types/offscreencanvas" "~2019.3.0"
    "@types/seedrandom" "2.4.27"
    "@types/webgl-ext" "0.0.30"
    "@types/webgl2" "0.0.6"
    "seedrandom" "2.4.3"

"@tensorflow/tfjs-converter@3.12.0":
  "integrity" "sha512-WO6FreEB83CgFwvcyrzyaWG5WshanfyhTI6rOqSbjY86+MlJprTn4fuY9qbnYk/gDLhxEaUpYgubamY4g4L76g=="
  "resolved" "https://registry.npmjs.org/@tensorflow/tfjs-converter/-/tfjs-converter-3.12.0.tgz"
  "version" "3.12.0"

"@tensorflow/tfjs-core@3.12.0":
  "integrity" "sha512-0rXf+aMjfkFLan7qna+L7DjfSZaaRibKgq9XuorjSy9rZcdZLE2IHFTzYR7B8mdlnq2szArKzm+JXqa9grTl7w=="
  "resolved" "https://registry.npmjs.org/@tensorflow/tfjs-core/-/tfjs-core-3.12.0.tgz"
  "version" "3.12.0"
  dependencies:
    "@types/long" "^4.0.1"
    "@types/offscreencanvas" "~2019.3.0"
    "@types/seedrandom" "2.4.27"
    "@types/webgl-ext" "0.0.30"
    "long" "4.0.0"
    "node-fetch" "~2.6.1"
    "seedrandom" "2.4.3"

"@tensorflow/tfjs-data@3.12.0":
  "integrity" "sha512-Q5S0pYgjqqLeFPaoHaEt9KeNFf5BrobcYmLZ9bsUnSowY0Kxz6RvnPWNNaOI3FhgqCF/e+RmGX20J0wx3Ty04Q=="
  "resolved" "https://registry.npmjs.org/@tensorflow/tfjs-data/-/tfjs-data-3.12.0.tgz"
  "version" "3.12.0"
  dependencies:
    "@types/node-fetch" "^2.1.2"
    "node-fetch" "~2.6.1"

"@tensorflow/tfjs-layers@3.12.0":
  "integrity" "sha512-GlU9LxDnPg3I3p+MMOYzKgr2NZK2vVmT4/EotwMVIAyhR2WbVFTRP0AXkIrWSoNIJ9v/ryvFEvNNPyNfkXM/xQ=="
  "resolved" "https://registry.npmjs.org/@tensorflow/tfjs-layers/-/tfjs-layers-3.12.0.tgz"
  "version" "3.12.0"

"@tensorflow/tfjs@^3.11.0":
  "integrity" "sha512-Gpala8Lf2DJ3j2hY43gPQ8TIJzw5sYrxfpQF0SBX26/zuHUMaF/DQz4koeRqf9s1t6MAjVbbkXdYKtGeEz4Jrg=="
  "resolved" "https://registry.npmjs.org/@tensorflow/tfjs/-/tfjs-3.12.0.tgz"
  "version" "3.12.0"
  dependencies:
    "@tensorflow/tfjs-backend-cpu" "3.12.0"
    "@tensorflow/tfjs-backend-webgl" "3.12.0"
    "@tensorflow/tfjs-converter" "3.12.0"
    "@tensorflow/tfjs-core" "3.12.0"
    "@tensorflow/tfjs-data" "3.12.0"
    "@tensorflow/tfjs-layers" "3.12.0"
    "argparse" "^1.0.10"
    "chalk" "^4.1.0"
    "core-js" "3"
    "regenerator-runtime" "^0.13.5"
    "yargs" "^16.0.3"

"@types/long@^4.0.1":
  "integrity" "sha512-5tXH6Bx/kNGd3MgffdmP4dy2Z+G4eaXw0SE81Tq3BNadtnMR5/ySMzX4SLEzHJzSmPNn4HIdpQsBvXMUykr58w=="
  "resolved" "https://registry.npmjs.org/@types/long/-/long-4.0.1.tgz"
  "version" "4.0.1"

"@types/node-fetch@^2.1.2":
  "integrity" "sha512-MKgC4dlq4kKNa/mYrwpKfzQMB5X3ee5U6fSprkKpToBqBmX4nFZL9cW5jl6sWn+xpRJ7ypWh2yyqqr8UUCstSw=="
  "resolved" "https://registry.npmjs.org/@types/node-fetch/-/node-fetch-2.5.12.tgz"
  "version" "2.5.12"
  dependencies:
    "@types/node" "*"
    "form-data" "^3.0.0"

"@types/node@*":
  "integrity" "sha512-+2Iggwg7PxoO5Kyhvsq9VarmPbIelXP070HMImEpbtGCoyWNINQj4wzjbQCXzdHTRXnqufutJb5KAURZANNBAw=="
  "resolved" "https://registry.npmjs.org/@types/node/-/node-16.11.12.tgz"
  "version" "16.11.12"

"@types/offscreencanvas@~2019.3.0":
  "integrity" "sha512-esIJx9bQg+QYF0ra8GnvfianIY8qWB0GBx54PK5Eps6m+xTj86KLavHv6qDhzKcu5UUOgNfJ2pWaIIV7TRUd9Q=="
  "resolved" "https://registry.npmjs.org/@types/offscreencanvas/-/offscreencanvas-2019.3.0.tgz"
  "version" "2019.3.0"

"@types/seedrandom@2.4.27":
  "integrity" "sha1-nbVjk33YaRX2kJK8QyWdL0hXjkE="
  "resolved" "https://registry.npmjs.org/@types/seedrandom/-/seedrandom-2.4.27.tgz"
  "version" "2.4.27"

"@types/webgl-ext@0.0.30":
  "integrity" "sha512-LKVgNmBxN0BbljJrVUwkxwRYqzsAEPcZOe6S2T6ZaBDIrFp0qu4FNlpc5sM1tGbXUYFgdVQIoeLk1Y1UoblyEg=="
  "resolved" "https://registry.npmjs.org/@types/webgl-ext/-/webgl-ext-0.0.30.tgz"
  "version" "0.0.30"

"@types/webgl2@0.0.6":
  "integrity" "sha512-50GQhDVTq/herLMiqSQkdtRu+d5q/cWHn4VvKJtrj4DJAjo1MNkWYa2MA41BaBO1q1HgsUjuQvEOk0QHvlnAaQ=="
  "resolved" "https://registry.npmjs.org/@types/webgl2/-/webgl2-0.0.6.tgz"
  "version" "0.0.6"

"ansi-regex@^5.0.1":
  "integrity" "sha512-quJQXlTSUGL2LH9SUXo8VwsY4soanhgo6LNSm84E1LBcE8s3O0wpdiRzyR9z/ZZJMlMWv37qOOb9pdJlMUEKFQ=="
  "resolved" "https://registry.npmjs.org/ansi-regex/-/ansi-regex-5.0.1.tgz"
  "version" "5.0.1"

"ansi-styles@^4.0.0", "ansi-styles@^4.1.0":
  "integrity" "sha512-zbB9rCJAT1rbjiVDb2hqKFHNYLxgtk8NURxZ3IZwD3F6NtxbXZQCnnSi1Lkx+IDohdPlFp222wVALIheZJQSEg=="
  "resolved" "https://registry.npmjs.org/ansi-styles/-/ansi-styles-4.3.0.tgz"
  "version" "4.3.0"
  dependencies:
    "color-convert" "^2.0.1"

"argparse@^1.0.10":
  "integrity" "sha512-o5Roy6tNG4SL/FOkCAN6RzjiakZS25RLYFrcMttJqbdd8BWrnA+fGz57iN5Pb06pvBGvl5gQ0B48dJlslXvoTg=="
  "resolved" "https://registry.npmjs.org/argparse/-/argparse-1.0.10.tgz"
  "version" "1.0.10"
  dependencies:
    "sprintf-js" "~1.0.2"

"asynckit@^0.4.0":
  "integrity" "sha1-x57Zf380y48robyXkLzDZkdLS3k="
  "resolved" "https://registry.npmjs.org/asynckit/-/asynckit-0.4.0.tgz"
  "version" "0.4.0"

"bootstrap@^5.1.3":
  "integrity" "sha512-fcQztozJ8jToQWXxVuEyXWW+dSo8AiXWKwiSSrKWsRB/Qt+Ewwza+JWoLKiTuQLaEPhdNAJ7+Dosc9DOIqNy7Q=="
  "resolved" "https://registry.npmjs.org/bootstrap/-/bootstrap-5.1.3.tgz"
  "version" "5.1.3"

"chalk@^4.1.0":
  "integrity" "sha512-oKnbhFyRIXpUuez8iBMmyEa4nbj4IOQyuhc/wy9kY7/WVPcwIO9VA668Pu8RkO7+0G76SLROeyw9CpQ061i4mA=="
  "resolved" "https://registry.npmjs.org/chalk/-/chalk-4.1.2.tgz"
  "version" "4.1.2"
  dependencies:
    "ansi-styles" "^4.1.0"
    "supports-color" "^7.1.0"

"cliui@^7.0.2":
  "integrity" "sha512-OcRE68cOsVMXp1Yvonl/fzkQOyjLSu/8bhPDfQt0e0/Eb283TKP20Fs2MqoPsr9SwA595rRCA+QMzYc9nBP+JQ=="
  "resolved" "https://registry.npmjs.org/cliui/-/cliui-7.0.4.tgz"
  "version" "7.0.4"
  dependencies:
    "string-width" "^4.2.0"
    "strip-ansi" "^6.0.0"
    "wrap-ansi" "^7.0.0"

"color-convert@^2.0.1":
  "integrity" "sha512-RRECPsj7iu/xb5oKYcsFHSppFNnsj/52OVTRKb4zP5onXwVF3zVmmToNcOfGC+CRDpfK/U584fMg38ZHCaElKQ=="
  "resolved" "https://registry.npmjs.org/color-convert/-/color-convert-2.0.1.tgz"
  "version" "2.0.1"
  dependencies:
    "color-name" "~1.1.4"

"color-name@~1.1.4":
  "integrity" "sha512-dOy+3AuW3a2wNbZHIuMZpTcgjGuLU/uBL/ubcZF9OXbDo8ff4O8yVp5Bf0efS8uEoYo5q4Fx7dY9OgQGXgAsQA=="
  "resolved" "https://registry.npmjs.org/color-name/-/color-name-1.1.4.tgz"
  "version" "1.1.4"

"combined-stream@^1.0.8":
  "integrity" "sha512-FQN4MRfuJeHf7cBbBMJFXhKSDq+2kAArBlmRBvcvFE5BB1HZKXtSFASDhdlz9zOYwxh8lDdnvmMOe/+5cdoEdg=="
  "resolved" "https://registry.npmjs.org/combined-stream/-/combined-stream-1.0.8.tgz"
  "version" "1.0.8"
  dependencies:
    "delayed-stream" "~1.0.0"

"compromise-numbers@^1.4.0":
  "integrity" "sha512-3ceRpwZIWduVSMYn54ET1ELdI7bvXQk42uDwxffxiJBxgKCwcCfVbiLuTG62cI+qTHchwLDh4vp9i3WARXROFQ=="
  "resolved" "https://registry.npmjs.org/compromise-numbers/-/compromise-numbers-1.4.0.tgz"
  "version" "1.4.0"

"compromise@^13.11.4", "compromise@>=12.0.0":
  "integrity" "sha512-nBITcNdqIHSVDDluaG6guyFFCSNXN+Hu87fU8VlhkE5Z0PwTZN1nro2O7a8JcUH88nB5EOzrxd9zKfXLSNFqcg=="
  "resolved" "https://registry.npmjs.org/compromise/-/compromise-13.11.4.tgz"
  "version" "13.11.4"
  dependencies:
    "efrt-unpack" "2.2.0"

"core-js@3":
  "integrity" "sha512-LeLBMgEGSsG7giquSzvgBrTS7V5UL6ks3eQlUSbN8dJStlLFiRzUm5iqsRyzUB8carhfKjkJ2vzKqE6z1Vga9g=="
  "resolved" "https://registry.npmjs.org/core-js/-/core-js-3.19.3.tgz"
  "version" "3.19.3"

"delayed-stream@~1.0.0":
  "integrity" "sha1-3zrhmayt+31ECqrgsp4icrJOxhk="
  "resolved" "https://registry.npmjs.org/delayed-stream/-/delayed-stream-1.0.0.tgz"
  "version" "1.0.0"

"efrt-unpack@2.2.0":
  "integrity" "sha512-9xUSSj7qcUxz+0r4X3+bwUNttEfGfK5AH+LVa1aTpqdAfrN5VhROYCfcF+up4hp5OL7IUKcZJJrzAGipQRDoiQ=="
  "resolved" "https://registry.npmjs.org/efrt-unpack/-/efrt-unpack-2.2.0.tgz"
  "version" "2.2.0"

"emoji-regex@^8.0.0":
  "integrity" "sha512-MSjYzcWNOA0ewAHpz0MxpYFvwg6yjy1NG3xteoqz644VCo/RPgnr1/GGt+ic3iJTzQ8Eu3TdM14SawnVUmGE6A=="
  "resolved" "https://registry.npmjs.org/emoji-regex/-/emoji-regex-8.0.0.tgz"
  "version" "8.0.0"

"escalade@^3.1.1":
  "integrity" "sha512-k0er2gUkLf8O0zKJiAhmkTnJlTvINGv7ygDNPbeIsX/TJjGJZHuh9B2UxbsaEkmlEo9MfhrSzmhIlhRlI2GXnw=="
  "resolved" "https://registry.npmjs.org/escalade/-/escalade-3.1.1.tgz"
  "version" "3.1.1"

"form-data@^3.0.0":
  "integrity" "sha512-RHkBKtLWUVwd7SqRIvCZMEvAMoGUp0XU+seQiZejj0COz3RI3hWP4sCv3gZWWLjJTd7rGwcsF5eKZGii0r/hbg=="
  "resolved" "https://registry.npmjs.org/form-data/-/form-data-3.0.1.tgz"
  "version" "3.0.1"
  dependencies:
    "asynckit" "^0.4.0"
    "combined-stream" "^1.0.8"
    "mime-types" "^2.1.12"

"get-caller-file@^2.0.5":
  "integrity" "sha512-DyFP3BM/3YHTQOCUL/w0OZHR0lpKeGrxotcHWcqNEdnltqFwXVfhEBQ94eIo34AfQpo0rGki4cyIiftY06h2Fg=="
  "resolved" "https://registry.npmjs.org/get-caller-file/-/get-caller-file-2.0.5.tgz"
  "version" "2.0.5"

"has-flag@^4.0.0":
  "integrity" "sha512-EykJT/Q1KjTWctppgIAgfSO0tKVuZUjhgMr17kqTumMl6Afv3EISleU7qZUzoXDFTAHTDC4NOoG/ZxU3EvlMPQ=="
  "resolved" "https://registry.npmjs.org/has-flag/-/has-flag-4.0.0.tgz"
  "version" "4.0.0"

"is-fullwidth-code-point@^3.0.0":
  "integrity" "sha512-zymm5+u+sCsSWyD9qNaejV3DFvhCKclKdizYaJUuHA83RLjb7nSuGnddCHGv0hk+KY7BMAlsWeK4Ueg6EV6XQg=="
  "resolved" "https://registry.npmjs.org/is-fullwidth-code-point/-/is-fullwidth-code-point-3.0.0.tgz"
  "version" "3.0.0"

"long@4.0.0":
  "integrity" "sha512-XsP+KhQif4bjX1kbuSiySJFNAehNxgLb6hPRGJ9QsUr8ajHkuXGdrHmFUTUUXhDwVX2R5bY4JNZEwbUiMhV+MA=="
  "resolved" "https://registry.npmjs.org/long/-/long-4.0.0.tgz"
  "version" "4.0.0"

"mime-db@1.51.0":
  "integrity" "sha512-5y8A56jg7XVQx2mbv1lu49NR4dokRnhZYTtL+KGfaa27uq4pSTXkwQkFJl4pkRMyNFz/EtYDSkiiEHx3F7UN6g=="
  "resolved" "https://registry.npmjs.org/mime-db/-/mime-db-1.51.0.tgz"
  "version" "1.51.0"

"mime-types@^2.1.12":
  "integrity" "sha512-6cP692WwGIs9XXdOO4++N+7qjqv0rqxxVvJ3VHPh/Sc9mVZcQP+ZGhkKiTvWMQRr2tbHkJP/Yn7Y0npb3ZBs4A=="
  "resolved" "https://registry.npmjs.org/mime-types/-/mime-types-2.1.34.tgz"
  "version" "2.1.34"
  dependencies:
    "mime-db" "1.51.0"

"node-fetch@~2.6.1":
  "integrity" "sha512-Z8/6vRlTUChSdIgMa51jxQ4lrw/Jy5SOW10ObaA47/RElsAN2c5Pn8bTgFGWn/ibwzXTE8qwr1Yzx28vsecXEA=="
  "resolved" "https://registry.npmjs.org/node-fetch/-/node-fetch-2.6.6.tgz"
  "version" "2.6.6"
  dependencies:
    "whatwg-url" "^5.0.0"

"regenerator-runtime@^0.13.5":
  "integrity" "sha512-p3VT+cOEgxFsRRA9X4lkI1E+k2/CtnKtU4gcxyaCUreilL/vqI6CdZ3wxVUx3UOUg+gnUOQQcRI7BmSI656MYA=="
  "resolved" "https://registry.npmjs.org/regenerator-runtime/-/regenerator-runtime-0.13.9.tgz"
  "version" "0.13.9"

"require-directory@^2.1.1":
  "integrity" "sha1-jGStX9MNqxyXbiNE/+f3kqam30I="
  "resolved" "https://registry.npmjs.org/require-directory/-/require-directory-2.1.1.tgz"
  "version" "2.1.1"

"seedrandom@~2.4.3", "seedrandom@2.4.3":
  "integrity" "sha1-JDhQTa0zkXMUv/GKxNeU8W1qrsw="
  "resolved" "https://registry.npmjs.org/seedrandom/-/seedrandom-2.4.3.tgz"
  "version" "2.4.3"

"sprintf-js@~1.0.2":
  "integrity" "sha1-BOaSb2YolTVPPdAVIDYzuFcpfiw="
  "resolved" "https://registry.npmjs.org/sprintf-js/-/sprintf-js-1.0.3.tgz"
  "version" "1.0.3"

"string-width@^4.1.0", "string-width@^4.2.0":
  "integrity" "sha512-wKyQRQpjJ0sIp62ErSZdGsjMJWsap5oRNihHhu6G7JVO/9jIB6UyevL+tXuOqrng8j/cxKTWyWUwvSTriiZz/g=="
  "resolved" "https://registry.npmjs.org/string-width/-/string-width-4.2.3.tgz"
  "version" "4.2.3"
  dependencies:
    "emoji-regex" "^8.0.0"
    "is-fullwidth-code-point" "^3.0.0"
    "strip-ansi" "^6.0.1"

"strip-ansi@^6.0.0", "strip-ansi@^6.0.1":
  "integrity" "sha512-Y38VPSHcqkFrCpFnQ9vuSXmquuv5oXOKpGeT6aGrr3o3Gc9AlVa6JBfUSOCnbxGGZF+/0ooI7KrPuUSztUdU5A=="
  "resolved" "https://registry.npmjs.org/strip-ansi/-/strip-ansi-6.0.1.tgz"
  "version" "6.0.1"
  dependencies:
    "ansi-regex" "^5.0.1"

"supports-color@^7.1.0":
  "integrity" "sha512-qpCAvRl9stuOHveKsn7HncJRvv501qIacKzQlO/+Lwxc9+0q2wLyv4Dfvt80/DPn2pqOBsJdDiogXGR9+OvwRw=="
  "resolved" "https://registry.npmjs.org/supports-color/-/supports-color-7.2.0.tgz"
  "version" "7.2.0"
  dependencies:
    "has-flag" "^4.0.0"

"tr46@~0.0.3":
  "integrity" "sha1-gYT9NH2snNwYWZLzpmIuFLnZq2o="
  "resolved" "https://registry.npmjs.org/tr46/-/tr46-0.0.3.tgz"
  "version" "0.0.3"

"webidl-conversions@^3.0.0":
  "integrity" "sha1-JFNCdeKnvGvnvIZhHMFq4KVlSHE="
  "resolved" "https://registry.npmjs.org/webidl-conversions/-/webidl-conversions-3.0.1.tgz"
  "version" "3.0.1"

"whatwg-url@^5.0.0":
  "integrity" "sha1-lmRU6HZUYuN2RNNib2dCzotwll0="
  "resolved" "https://registry.npmjs.org/whatwg-url/-/whatwg-url-5.0.0.tgz"
  "version" "5.0.0"
  dependencies:
    "tr46" "~0.0.3"
    "webidl-conversions" "^3.0.0"

"wrap-ansi@^7.0.0":
  "integrity" "sha512-YVGIj2kamLSTxw6NsZjoBxfSwsn0ycdesmc4p+Q21c5zPuZ1pl+NfxVdxPtdHvmNVOQ6XSYG4AUtyt/Fi7D16Q=="
  "resolved" "https://registry.npmjs.org/wrap-ansi/-/wrap-ansi-7.0.0.tgz"
  "version" "7.0.0"
  dependencies:
    "ansi-styles" "^4.0.0"
    "string-width" "^4.1.0"
    "strip-ansi" "^6.0.0"

"y18n@^5.0.5":
  "integrity" "sha512-0pfFzegeDWJHJIAmTLRP2DwHjdF5s7jo9tuztdQxAhINCdvS+3nGINqPd00AphqJR/0LhANUS6/+7SCb98YOfA=="
  "resolved" "https://registry.npmjs.org/y18n/-/y18n-5.0.8.tgz"
  "version" "5.0.8"

"yargs-parser@^20.2.2":
  "integrity" "sha512-y11nGElTIV+CT3Zv9t7VKl+Q3hTQoT9a1Qzezhhl6Rp21gJ/IVTW7Z3y9EWXhuUBC2Shnf+DX0antecpAwSP8w=="
  "resolved" "https://registry.npmjs.org/yargs-parser/-/yargs-parser-20.2.9.tgz"
  "version" "20.2.9"

"yargs@^16.0.3":
  "integrity" "sha512-D1mvvtDG0L5ft/jGWkLpG1+m0eQxOfaBvTNELraWj22wSVUMWxZUvYgJYcKh6jGGIkJFhH4IZPQhR4TKpc8mBw=="
  "resolved" "https://registry.npmjs.org/yargs/-/yargs-16.2.0.tgz"
  "version" "16.2.0"
  dependencies:
    "cliui" "^7.0.2"
    "escalade" "^3.1.1"
    "get-caller-file" "^2.0.5"
    "require-directory" "^2.1.1"
    "string-width" "^4.2.0"
    "y18n" "^5.0.5"
    "yargs-parser" "^20.2.2"
